
Microsoft Visual Studio Solution File, Format Version 12.00
# Visual Studio Version 16
VisualStudioVersion = 16.0.29215.179
MinimumVisualStudioVersion = 10.0.40219.1
Project("{FAE04EC0-301F-11D3-BF4B-00C04F79EFBC}") = "login", "login\login.csproj", "{00682DE5-901D-4EA1-8977-6E35747DD729}"
EndProject
Global
	GlobalSection(SolutionConfigurationPlatforms) = preSolution
		Debug|Any CPU = Debug|Any CPU
		Release|Any CPU = Release|Any CPU
	EndGlobalSection
	GlobalSection(ProjectConfigurationPlatforms) = postSolution
		{00682DE5-901D-4EA1-8977-6E35747DD729}.Debug|Any CPU.ActiveCfg = Debug|Any CPU
		{00682DE5-901D-4EA1-8977-6E35747DD729}.Debug|Any CPU.Build.0 = Debug|Any CPU
		{00682DE5-901D-4EA1-8977-6E35747DD729}.Release|Any CPU.ActiveCfg = Release|Any CPU
		{00682DE5-901D-4EA1-8977-6E35747DD729}.Release|Any CPU.Build.0 = Release|Any CPU
	EndGlobalSection
	GlobalSection(SolutionProperties) = preSolution
		HideSolutionNode = FALSE
	EndGlobalSection
	GlobalSection(ExtensibilityGlobals) = postSolution
		SolutionGuid = {A7128EA8-7C48-4B26-B066-911E9971C88D}
	EndGlobalSection
EndGlobal
